
Microsoft Visual Studio Solution File, Format Version 12.00
# Visual Studio Version 17
VisualStudioVersion = 17.1.32210.238
MinimumVisualStudioVersion = 10.0.40219.1
Project("{9A19103F-16F7-4668-BE54-9A1E7A4F7556}") = "GameOfLife", "GameOfLife\GameOfLife.csproj", "{E474B151-9B0D-469D-90F3-E20F80F0A6D6}"
EndProject
Project("{9A19103F-16F7-4668-BE54-9A1E7A4F7556}") = "GameOfLife.Library", "GameOfLife.Library\GameOfLife.Library.csproj", "{11D63560-B6BC-4AD1-B696-AD26BDD88F47}"
EndProject
Project("{9A19103F-16F7-4668-BE54-9A1E7A4F7556}") = "GameOfLife.Tests", "GameOfLife.Tests\GameOfLife.Tests.csproj", "{E8CFDAA8-ABAB-47BB-B788-3A044A0B707E}"
EndProject
Project("{2150E333-8FDC-42A3-9474-1A3956D46DE8}") = "Solution Items", "Solution Items", "{D02767D7-231F-4EE2-AFBC-ECFCB4D04EA4}"
	ProjectSection(SolutionItems) = preProject
		README.md = README.md
	EndProjectSection
EndProject
Global
	GlobalSection(SolutionConfigurationPlatforms) = preSolution
		Debug|Any CPU = Debug|Any CPU
		Release|Any CPU = Release|Any CPU
	EndGlobalSection
	GlobalSection(ProjectConfigurationPlatforms) = postSolution
		{E474B151-9B0D-469D-90F3-E20F80F0A6D6}.Debug|Any CPU.ActiveCfg = Debug|Any CPU
		{E474B151-9B0D-469D-90F3-E20F80F0A6D6}.Debug|Any CPU.Build.0 = Debug|Any CPU
		{E474B151-9B0D-469D-90F3-E20F80F0A6D6}.Release|Any CPU.ActiveCfg = Release|Any CPU
		{E474B151-9B0D-469D-90F3-E20F80F0A6D6}.Release|Any CPU.Build.0 = Release|Any CPU
		{11D63560-B6BC-4AD1-B696-AD26BDD88F47}.Debug|Any CPU.ActiveCfg = Debug|Any CPU
		{11D63560-B6BC-4AD1-B696-AD26BDD88F47}.Debug|Any CPU.Build.0 = Debug|Any CPU
		{11D63560-B6BC-4AD1-B696-AD26BDD88F47}.Release|Any CPU.ActiveCfg = Release|Any CPU
		{11D63560-B6BC-4AD1-B696-AD26BDD88F47}.Release|Any CPU.Build.0 = Release|Any CPU
		{E8CFDAA8-ABAB-47BB-B788-3A044A0B707E}.Debug|Any CPU.ActiveCfg = Debug|Any CPU
		{E8CFDAA8-ABAB-47BB-B788-3A044A0B707E}.Debug|Any CPU.Build.0 = Debug|Any CPU
		{E8CFDAA8-ABAB-47BB-B788-3A044A0B707E}.Release|Any CPU.ActiveCfg = Release|Any CPU
		{E8CFDAA8-ABAB-47BB-B788-3A044A0B707E}.Release|Any CPU.Build.0 = Release|Any CPU
	EndGlobalSection
	GlobalSection(SolutionProperties) = preSolution
		HideSolutionNode = FALSE
	EndGlobalSection
	GlobalSection(ExtensibilityGlobals) = postSolution
		SolutionGuid = {1F78DE0B-0501-4F12-B859-958026237B74}
	EndGlobalSection
EndGlobal
